# This file is automatically @generated by Cargo.
# It is not intended for manual editing.
version = 4

[[package]]
name = "erlang_rs"
version = "2.0.7"
source = "registry+https://github.com/rust-lang/crates.io-index"
checksum = "2d6b905c38b06ff7f4bdee8278bca5b454c1be6244111ef13a0c2c2b9d00c5ac"

[[package]]
name = "rled"
version = "0.1.0"
dependencies = [
 "erlang_rs",
]
