# This file is automatically @generated by Cargo.
# It is not intended for manual editing.
version = 4

[[package]]
name = "erlang_rs"
version = "2.0.7"
source = "git+https://github.com/LapTapk/erlang_rs#d4f19daba4367fe12bacd29cd697f2742833566a"

[[package]]
name = "rled"
version = "0.1.0"
dependencies = [
 "erlang_rs",
]
